
Microsoft Visual Studio Solution File, Format Version 12.00
# Visual Studio Version 17
VisualStudioVersion = 17.6.33723.286
MinimumVisualStudioVersion = 10.0.40219.1
Project("{9A19103F-16F7-4668-BE54-9A1E7A4F7556}") = "api.yawaflua.ru", "api.yawaflua.ru.csproj", "{3AA2FE9B-D1AF-4B12-B090-7E4529BA40E0}"
EndProject
Project("{2150E333-8FDC-42A3-9474-1A3956D46DE8}") = "Solution Items", "Solution Items", "{82D95147-E21B-45B6-B636-A145A498D56E}"
	ProjectSection(SolutionItems) = preProject
		.editorconfig = .editorconfig
	EndProjectSection
EndProject
Project("{54A90642-561A-4BB1-A94E-469ADEE60C69}") = "frontend.yawaflua.ru", "..\frontend.yawaflua.ru\frontend.yawaflua.ru.esproj", "{62466D84-4FD6-4CF4-ACA2-C19662E6B7FD}"
EndProject
Global
	GlobalSection(SolutionConfigurationPlatforms) = preSolution
		Debug|Any CPU = Debug|Any CPU
		Release|Any CPU = Release|Any CPU
	EndGlobalSection
	GlobalSection(ProjectConfigurationPlatforms) = postSolution
		{3AA2FE9B-D1AF-4B12-B090-7E4529BA40E0}.Debug|Any CPU.ActiveCfg = Debug|Any CPU
		{3AA2FE9B-D1AF-4B12-B090-7E4529BA40E0}.Debug|Any CPU.Build.0 = Debug|Any CPU
		{3AA2FE9B-D1AF-4B12-B090-7E4529BA40E0}.Release|Any CPU.ActiveCfg = Release|Any CPU
		{3AA2FE9B-D1AF-4B12-B090-7E4529BA40E0}.Release|Any CPU.Build.0 = Release|Any CPU
		{62466D84-4FD6-4CF4-ACA2-C19662E6B7FD}.Debug|Any CPU.ActiveCfg = Debug|Any CPU
		{62466D84-4FD6-4CF4-ACA2-C19662E6B7FD}.Debug|Any CPU.Build.0 = Debug|Any CPU
		{62466D84-4FD6-4CF4-ACA2-C19662E6B7FD}.Debug|Any CPU.Deploy.0 = Debug|Any CPU
		{62466D84-4FD6-4CF4-ACA2-C19662E6B7FD}.Release|Any CPU.ActiveCfg = Release|Any CPU
		{62466D84-4FD6-4CF4-ACA2-C19662E6B7FD}.Release|Any CPU.Build.0 = Release|Any CPU
		{62466D84-4FD6-4CF4-ACA2-C19662E6B7FD}.Release|Any CPU.Deploy.0 = Release|Any CPU
	EndGlobalSection
	GlobalSection(SolutionProperties) = preSolution
		HideSolutionNode = FALSE
	EndGlobalSection
	GlobalSection(ExtensibilityGlobals) = postSolution
		SolutionGuid = {E8807465-E82E-451C-8E7F-930AE7804F75}
	EndGlobalSection
EndGlobal
